
Microsoft Visual Studio Solution File, Format Version 12.00
# Visual Studio Version 16
VisualStudioVersion = 16.0.30804.86
MinimumVisualStudioVersion = 10.0.40219.1
Project("{FAE04EC0-301F-11D3-BF4B-00C04F79EFBC}") = "OrderSystem", "OrderSystem\OrderSystem.csproj", "{D5F2CAE5-A5DC-4E4D-ADA9-8E6AF631E401}"
EndProject
Global
	GlobalSection(SolutionConfigurationPlatforms) = preSolution
		Debug|Any CPU = Debug|Any CPU
		Release|Any CPU = Release|Any CPU
	EndGlobalSection
	GlobalSection(ProjectConfigurationPlatforms) = postSolution
		{D5F2CAE5-A5DC-4E4D-ADA9-8E6AF631E401}.Debug|Any CPU.ActiveCfg = Debug|Any CPU
		{D5F2CAE5-A5DC-4E4D-ADA9-8E6AF631E401}.Debug|Any CPU.Build.0 = Debug|Any CPU
		{D5F2CAE5-A5DC-4E4D-ADA9-8E6AF631E401}.Release|Any CPU.ActiveCfg = Release|Any CPU
		{D5F2CAE5-A5DC-4E4D-ADA9-8E6AF631E401}.Release|Any CPU.Build.0 = Release|Any CPU
	EndGlobalSection
	GlobalSection(SolutionProperties) = preSolution
		HideSolutionNode = FALSE
	EndGlobalSection
	GlobalSection(ExtensibilityGlobals) = postSolution
		SolutionGuid = {FBE12394-0256-4751-A0D9-B5327EFD934F}
	EndGlobalSection
EndGlobal
