
Microsoft Visual Studio Solution File, Format Version 12.00
# Visual Studio Version 16
VisualStudioVersion = 16.0.30804.86
MinimumVisualStudioVersion = 10.0.40219.1
Project("{FAE04EC0-301F-11D3-BF4B-00C04F79EFBC}") = "ChattingRoom", "ChattingRoom\ChattingRoom.csproj", "{7A0FD1FA-6A9C-432B-A4A1-62E5CC84B35D}"
EndProject
Global
	GlobalSection(SolutionConfigurationPlatforms) = preSolution
		Debug|Any CPU = Debug|Any CPU
		Release|Any CPU = Release|Any CPU
	EndGlobalSection
	GlobalSection(ProjectConfigurationPlatforms) = postSolution
		{7A0FD1FA-6A9C-432B-A4A1-62E5CC84B35D}.Debug|Any CPU.ActiveCfg = Debug|Any CPU
		{7A0FD1FA-6A9C-432B-A4A1-62E5CC84B35D}.Debug|Any CPU.Build.0 = Debug|Any CPU
		{7A0FD1FA-6A9C-432B-A4A1-62E5CC84B35D}.Release|Any CPU.ActiveCfg = Release|Any CPU
		{7A0FD1FA-6A9C-432B-A4A1-62E5CC84B35D}.Release|Any CPU.Build.0 = Release|Any CPU
	EndGlobalSection
	GlobalSection(SolutionProperties) = preSolution
		HideSolutionNode = FALSE
	EndGlobalSection
	GlobalSection(ExtensibilityGlobals) = postSolution
		SolutionGuid = {8A519476-7626-4F7F-B040-0885AEA90F53}
	EndGlobalSection
EndGlobal
