
Microsoft Visual Studio Solution File, Format Version 12.00
# Visual Studio Version 16
VisualStudioVersion = 16.0.31112.23
MinimumVisualStudioVersion = 10.0.40219.1
Project("{FAE04EC0-301F-11D3-BF4B-00C04F79EFBC}") = "WebAppRestaurantDemo", "WebAppRestaurantDemo\WebAppRestaurantDemo.csproj", "{CEBF114C-2749-4640-8356-029225753AB9}"
EndProject
Global
	GlobalSection(SolutionConfigurationPlatforms) = preSolution
		Debug|Any CPU = Debug|Any CPU
		Release|Any CPU = Release|Any CPU
	EndGlobalSection
	GlobalSection(ProjectConfigurationPlatforms) = postSolution
		{CEBF114C-2749-4640-8356-029225753AB9}.Debug|Any CPU.ActiveCfg = Debug|Any CPU
		{CEBF114C-2749-4640-8356-029225753AB9}.Debug|Any CPU.Build.0 = Debug|Any CPU
		{CEBF114C-2749-4640-8356-029225753AB9}.Release|Any CPU.ActiveCfg = Release|Any CPU
		{CEBF114C-2749-4640-8356-029225753AB9}.Release|Any CPU.Build.0 = Release|Any CPU
	EndGlobalSection
	GlobalSection(SolutionProperties) = preSolution
		HideSolutionNode = FALSE
	EndGlobalSection
	GlobalSection(ExtensibilityGlobals) = postSolution
		SolutionGuid = {DBF72287-CD1C-4A73-AC15-3355E190A9FA}
	EndGlobalSection
EndGlobal
